# This file is autogenerated, do not edit; changes may be undone by the next 'dep ensure'.


[[projects]]
  name = "github.com/gogo/protobuf"
  packages = [
    "gogoproto",
    "proto",
    "protoc-gen-gogo/descriptor"
  ]
  revision = "dda3e8acadcc9affc16faf33fbb229db78399245"

[[projects]]
  name = "github.com/nats-io/go-nats"
  packages = [
    ".",
    "encoders/builtin",
    "util"
  ]
  revision = "34c8842105ac0b69c838a9998a239d482936c466"

[[projects]]
  name = "github.com/nats-io/go-nats-streaming"
  packages = [
    ".",
    "pb"
  ]
  revision = "bf8654e90f5296da96eab1e85808eb5c4b7b5541"

[[projects]]
  name = "github.com/nats-io/nuid"
  packages = ["."]
  revision = "3cf34f9fca4e88afa9da8eabd75e3326c9941b44"

[[projects]]
  name = "github.com/openfaas/faas"
  packages = ["gateway/queue"]
  revision = "262b0afda7a0161d3ee4b3dafdcc085128b215df"
  version = "0.6.16"

[solve-meta]
  analyzer-name = "dep"
  analyzer-version = 1
  inputs-digest = "1c1aa81bbcc63db8c3b0b2611679ead8f3bc78331da777d8c0689c6bec7fe037"
  solver-name = "gps-cdcl"
  solver-version = 1
